
Microsoft Visual Studio Solution File, Format Version 12.00
# Visual Studio Version 17
VisualStudioVersion = 17.9.34728.123
MinimumVisualStudioVersion = 10.0.40219.1
Project("{FAE04EC0-301F-11D3-BF4B-00C04F79EFBC}") = "PARCIAL_2.1", "PARCIAL_2.1\PARCIAL_2.1.csproj", "{232E406F-FD12-433A-BF55-2F153F61F927}"
EndProject
Global
	GlobalSection(SolutionConfigurationPlatforms) = preSolution
		Debug|Any CPU = Debug|Any CPU
		Release|Any CPU = Release|Any CPU
	EndGlobalSection
	GlobalSection(ProjectConfigurationPlatforms) = postSolution
		{232E406F-FD12-433A-BF55-2F153F61F927}.Debug|Any CPU.ActiveCfg = Debug|Any CPU
		{232E406F-FD12-433A-BF55-2F153F61F927}.Debug|Any CPU.Build.0 = Debug|Any CPU
		{232E406F-FD12-433A-BF55-2F153F61F927}.Release|Any CPU.ActiveCfg = Release|Any CPU
		{232E406F-FD12-433A-BF55-2F153F61F927}.Release|Any CPU.Build.0 = Release|Any CPU
	EndGlobalSection
	GlobalSection(SolutionProperties) = preSolution
		HideSolutionNode = FALSE
	EndGlobalSection
	GlobalSection(ExtensibilityGlobals) = postSolution
		SolutionGuid = {D139B513-07E3-44D1-B816-8884C318FF9D}
	EndGlobalSection
EndGlobal
